// !$*UTF8*$!
{
	archiveVersion = 1;
	classes = {
	};
	objectVersion = 46;
	objects = {

/* Begin PBXBuildFile section */
		33A3FA02198C167300B1E90E /* Foundation.framework in Frameworks */ = {isa = PBXBuildFile; fileRef = 33A3FA01198C167300B1E90E /* Foundation.framework */; };
		33A3FA04198C167300B1E90E /* CoreGraphics.framework in Frameworks */ = {isa = PBXBuildFile; fileRef = 33A3FA03198C167300B1E90E /* CoreGraphics.framework */; };
		33A3FA06198C167300B1E90E /* UIKit.framework in Frameworks */ = {isa = PBXBuildFile; fileRef = 33A3FA05198C167300B1E90E /* UIKit.framework */; };
		33A3FA0C198C167300B1E90E /* InfoPlist.strings in Resources */ = {isa = PBXBuildFile; fileRef = 33A3FA0A198C167300B1E90E /* InfoPlist.strings */; };
		33A3FA0E198C167300B1E90E /* main.m in Sources */ = {isa = PBXBuildFile; fileRef = 33A3FA0D198C167300B1E90E /* main.m */; };
		33A3FA12198C167300B1E90E /* NBAppDelegate.m in Sources */ = {isa = PBXBuildFile; fileRef = 33A3FA11198C167300B1E90E /* NBAppDelegate.m */; };
		33A3FA15198C167300B1E90E /* Main_iPhone.storyboard in Resources */ = {isa = PBXBuildFile; fileRef = 33A3FA13198C167300B1E90E /* Main_iPhone.storyboard */; };
		33A3FA18198C167300B1E90E /* Main_iPad.storyboard in Resources */ = {isa = PBXBuildFile; fileRef = 33A3FA16198C167300B1E90E /* Main_iPad.storyboard */; };
		33A3FA1B198C167300B1E90E /* NBViewController.m in Sources */ = {isa = PBXBuildFile; fileRef = 33A3FA1A198C167300B1E90E /* NBViewController.m */; };
		33A3FA1D198C167400B1E90E /* Images.xcassets in Resources */ = {isa = PBXBuildFile; fileRef = 33A3FA1C198C167400B1E90E /* Images.xcassets */; };
		33A3FA24198C167400B1E90E /* XCTest.framework in Frameworks */ = {isa = PBXBuildFile; fileRef = 33A3FA23198C167400B1E90E /* XCTest.framework */; };
		33A3FA25198C167400B1E90E /* Foundation.framework in Frameworks */ = {isa = PBXBuildFile; fileRef = 33A3FA01198C167300B1E90E /* Foundation.framework */; };
		33A3FA26198C167400B1E90E /* UIKit.framework in Frameworks */ = {isa = PBXBuildFile; fileRef = 33A3FA05198C167300B1E90E /* UIKit.framework */; };
		33A3FA2E198C167400B1E90E /* InfoPlist.strings in Resources */ = {isa = PBXBuildFile; fileRef = 33A3FA2C198C167400B1E90E /* InfoPlist.strings */; };
		33A3FA30198C167400B1E90E /* BleedingViewTests.m in Sources */ = {isa = PBXBuildFile; fileRef = 33A3FA2F198C167400B1E90E /* BleedingViewTests.m */; };
/* End PBXBuildFile section */

/* Begin PBXContainerItemProxy section */
		33A3FA27198C167400B1E90E /* PBXContainerItemProxy */ = {
			isa = PBXContainerItemProxy;
			containerPortal = 33A3F9F6198C167300B1E90E /* Project object */;
			proxyType = 1;
			remoteGlobalIDString = 33A3F9FD198C167300B1E90E;
			remoteInfo = BleedingView;
		};
/* End PBXContainerItemProxy section */

/* Begin PBXFileReference section */
		33A3F9FE198C167300B1E90E /* BleedingView.app */ = {isa = PBXFileReference; explicitFileType = wrapper.application; includeInIndex = 0; path = BleedingView.app; sourceTree = BUILT_PRODUCTS_DIR; };
		33A3FA01198C167300B1E90E /* Foundation.framework */ = {isa = PBXFileReference; lastKnownFileType = wrapper.framework; name = Foundation.framework; path = System/Library/Frameworks/Foundation.framework; sourceTree = SDKROOT; };
		33A3FA03198C167300B1E90E /* CoreGraphics.framework */ = {isa = PBXFileReference; lastKnownFileType = wrapper.framework; name = CoreGraphics.framework; path = System/Library/Frameworks/CoreGraphics.framework; sourceTree = SDKROOT; };
		33A3FA05198C167300B1E90E /* UIKit.framework */ = {isa = PBXFileReference; lastKnownFileType = wrapper.framework; name = UIKit.framework; path = System/Library/Frameworks/UIKit.framework; sourceTree = SDKROOT; };
		33A3FA09198C167300B1E90E /* BleedingView-Info.plist */ = {isa = PBXFileReference; lastKnownFileType = text.plist.xml; path = "BleedingView-Info.plist"; sourceTree = "<group>"; };
		33A3FA0B198C167300B1E90E /* en */ = {isa = PBXFileReference; lastKnownFileType = text.plist.strings; name = en; path = en.lproj/InfoPlist.strings; sourceTree = "<group>"; };
		33A3FA0D198C167300B1E90E /* main.m */ = {isa = PBXFileReference; lastKnownFileType = sourcecode.c.objc; path = main.m; sourceTree = "<group>"; };
		33A3FA0F198C167300B1E90E /* BleedingView-Prefix.pch */ = {isa = PBXFileReference; lastKnownFileType = sourcecode.c.h; path = "BleedingView-Prefix.pch"; sourceTree = "<group>"; };
		33A3FA10198C167300B1E90E /* NBAppDelegate.h */ = {isa = PBXFileReference; lastKnownFileType = sourcecode.c.h; path = NBAppDelegate.h; sourceTree = "<group>"; };
		33A3FA11198C167300B1E90E /* NBAppDelegate.m */ = {isa = PBXFileReference; lastKnownFileType = sourcecode.c.objc; path = NBAppDelegate.m; sourceTree = "<group>"; };
		33A3FA14198C167300B1E90E /* Base */ = {isa = PBXFileReference; lastKnownFileType = file.storyboard; name = Base; path = Base.lproj/Main_iPhone.storyboard; sourceTree = "<group>"; };
		33A3FA17198C167300B1E90E /* Base */ = {isa = PBXFileReference; lastKnownFileType = file.storyboard; name = Base; path = Base.lproj/Main_iPad.storyboard; sourceTree = "<group>"; };
		33A3FA19198C167300B1E90E /* NBViewController.h */ = {isa = PBXFileReference; lastKnownFileType = sourcecode.c.h; path = NBViewController.h; sourceTree = "<group>"; };
		33A3FA1A198C167300B1E90E /* NBViewController.m */ = {isa = PBXFileReference; lastKnownFileType = sourcecode.c.objc; path = NBViewController.m; sourceTree = "<group>"; };
		33A3FA1C198C167400B1E90E /* Images.xcassets */ = {isa = PBXFileReference; lastKnownFileType = folder.assetcatalog; path = Images.xcassets; sourceTree = "<group>"; };
		33A3FA22198C167400B1E90E /* BleedingViewTests.xctest */ = {isa = PBXFileReference; explicitFileType = wrapper.cfbundle; includeInIndex = 0; path = BleedingViewTests.xctest; sourceTree = BUILT_PRODUCTS_DIR; };
		33A3FA23198C167400B1E90E /* XCTest.framework */ = {isa = PBXFileReference; lastKnownFileType = wrapper.framework; name = XCTest.framework; path = Library/Frameworks/XCTest.framework; sourceTree = DEVELOPER_DIR; };
		33A3FA2B198C167400B1E90E /* BleedingViewTests-Info.plist */ = {isa = PBXFileReference; lastKnownFileType = text.plist.xml; path = "BleedingViewTests-Info.plist"; sourceTree = "<group>"; };
		33A3FA2D198C167400B1E90E /* en */ = {isa = PBXFileReference; lastKnownFileType = text.plist.strings; name = en; path = en.lproj/InfoPlist.strings; sourceTree = "<group>"; };
		33A3FA2F198C167400B1E90E /* BleedingViewTests.m */ = {isa = PBXFileReference; lastKnownFileType = sourcecode.c.objc; path = BleedingViewTests.m; sourceTree = "<group>"; };
/* End PBXFileReference section */

/* Begin PBXFrameworksBuildPhase section */
		33A3F9FB198C167300B1E90E /* Frameworks */ = {
			isa = PBXFrameworksBuildPhase;
			buildActionMask = 2147483647;
			files = (
				33A3FA04198C167300B1E90E /* CoreGraphics.framework in Frameworks */,
				33A3FA06198C167300B1E90E /* UIKit.framework in Frameworks */,
				33A3FA02198C167300B1E90E /* Foundation.framework in Frameworks */,
			);
			runOnlyForDeploymentPostprocessing = 0;
		};
		33A3FA1F198C167400B1E90E /* Frameworks */ = {
			isa = PBXFrameworksBuildPhase;
			buildActionMask = 2147483647;
			files = (
				33A3FA24198C167400B1E90E /* XCTest.framework in Frameworks */,
				33A3FA26198C167400B1E90E /* UIKit.framework in Frameworks */,
				33A3FA25198C167400B1E90E /* Foundation.framework in Frameworks */,
			);
			runOnlyForDeploymentPostprocessing = 0;
		};
/* End PBXFrameworksBuildPhase section */

/* Begin PBXGroup section */
		33A3F9F5198C167300B1E90E = {
			isa = PBXGroup;
			children = (
				33A3FA07198C167300B1E90E /* BleedingView */,
				33A3FA29198C167400B1E90E /* BleedingViewTests */,
				33A3FA00198C167300B1E90E /* Frameworks */,
				33A3F9FF198C167300B1E90E /* Products */,
			);
			sourceTree = "<group>";
		};
		33A3F9FF198C167300B1E90E /* Products */ = {
			isa = PBXGroup;
			children = (
				33A3F9FE198C167300B1E90E /* BleedingView.app */,
				33A3FA22198C167400B1E90E /* BleedingViewTests.xctest */,
			);
			name = Products;
			sourceTree = "<group>";
		};
		33A3FA00198C167300B1E90E /* Frameworks */ = {
			isa = PBXGroup;
			children = (
				33A3FA01198C167300B1E90E /* Foundation.framework */,
				33A3FA03198C167300B1E90E /* CoreGraphics.framework */,
				33A3FA05198C167300B1E90E /* UIKit.framework */,
				33A3FA23198C167400B1E90E /* XCTest.framework */,
			);
			name = Frameworks;
			sourceTree = "<group>";
		};
		33A3FA07198C167300B1E90E /* BleedingView */ = {
			isa = PBXGroup;
			children = (
				33A3FA10198C167300B1E90E /* NBAppDelegate.h */,
				33A3FA11198C167300B1E90E /* NBAppDelegate.m */,
				33A3FA13198C167300B1E90E /* Main_iPhone.storyboard */,
				33A3FA16198C167300B1E90E /* Main_iPad.storyboard */,
				33A3FA19198C167300B1E90E /* NBViewController.h */,
				33A3FA1A198C167300B1E90E /* NBViewController.m */,
				33A3FA1C198C167400B1E90E /* Images.xcassets */,
				33A3FA08198C167300B1E90E /* Supporting Files */,
			);
			path = BleedingView;
			sourceTree = "<group>";
		};
		33A3FA08198C167300B1E90E /* Supporting Files */ = {
			isa = PBXGroup;
			children = (
				33A3FA09198C167300B1E90E /* BleedingView-Info.plist */,
				33A3FA0A198C167300B1E90E /* InfoPlist.strings */,
				33A3FA0D198C167300B1E90E /* main.m */,
				33A3FA0F198C167300B1E90E /* BleedingView-Prefix.pch */,
			);
			name = "Supporting Files";
			sourceTree = "<group>";
		};
		33A3FA29198C167400B1E90E /* BleedingViewTests */ = {
			isa = PBXGroup;
			children = (
				33A3FA2F198C167400B1E90E /* BleedingViewTests.m */,
				33A3FA2A198C167400B1E90E /* Supporting Files */,
			);
			path = BleedingViewTests;
			sourceTree = "<group>";
		};
		33A3FA2A198C167400B1E90E /* Supporting Files */ = {
			isa = PBXGroup;
			children = (
				33A3FA2B198C167400B1E90E /* BleedingViewTests-Info.plist */,
				33A3FA2C198C167400B1E90E /* InfoPlist.strings */,
			);
			name = "Supporting Files";
			sourceTree = "<group>";
		};
/* End PBXGroup section */

/* Begin PBXNativeTarget section */
		33A3F9FD198C167300B1E90E /* BleedingView */ = {
			isa = PBXNativeTarget;
			buildConfigurationList = 33A3FA33198C167400B1E90E /* Build configuration list for PBXNativeTarget "BleedingView" */;
			buildPhases = (
				33A3F9FA198C167300B1E90E /* Sources */,
				33A3F9FB198C167300B1E90E /* Frameworks */,
				33A3F9FC198C167300B1E90E /* Resources */,
			);
			buildRules = (
			);
			dependencies = (
			);
			name = BleedingView;
			productName = BleedingView;
			productReference = 33A3F9FE198C167300B1E90E /* BleedingView.app */;
			productType = "com.apple.product-type.application";
		};
		33A3FA21198C167400B1E90E /* BleedingViewTests */ = {
			isa = PBXNativeTarget;
			buildConfigurationList = 33A3FA36198C167400B1E90E /* Build configuration list for PBXNativeTarget "BleedingViewTests" */;
			buildPhases = (
				33A3FA1E198C167400B1E90E /* Sources */,
				33A3FA1F198C167400B1E90E /* Frameworks */,
				33A3FA20198C167400B1E90E /* Resources */,
			);
			buildRules = (
			);
			dependencies = (
				33A3FA28198C167400B1E90E /* PBXTargetDependency */,
			);
			name = BleedingViewTests;
			productName = BleedingViewTests;
			productReference = 33A3FA22198C167400B1E90E /* BleedingViewTests.xctest */;
			productType = "com.apple.product-type.bundle.unit-test";
		};
/* End PBXNativeTarget section */

/* Begin PBXProject section */
		33A3F9F6198C167300B1E90E /* Project object */ = {
			isa = PBXProject;
			attributes = {
				CLASSPREFIX = NB;
				LastUpgradeCheck = 0510;
				ORGANIZATIONNAME = BrickNewerDevs;
				TargetAttributes = {
					33A3FA21198C167400B1E90E = {
						TestTargetID = 33A3F9FD198C167300B1E90E;
					};
				};
			};
			buildConfigurationList = 33A3F9F9198C167300B1E90E /* Build configuration list for PBXProject "BleedingView" */;
			compatibilityVersion = "Xcode 3.2";
			developmentRegion = English;
			hasScannedForEncodings = 0;
			knownRegions = (
				en,
				Base,
			);
			mainGroup = 33A3F9F5198C167300B1E90E;
			productRefGroup = 33A3F9FF198C167300B1E90E /* Products */;
			projectDirPath = "";
			projectRoot = "";
			targets = (
				33A3F9FD198C167300B1E90E /* BleedingView */,
				33A3FA21198C167400B1E90E /* BleedingViewTests */,
			);
		};
/* End PBXProject section */

/* Begin PBXResourcesBuildPhase section */
		33A3F9FC198C167300B1E90E /* Resources */ = {
			isa = PBXResourcesBuildPhase;
			buildActionMask = 2147483647;
			files = (
				33A3FA18198C167300B1E90E /* Main_iPad.storyboard in Resources */,
				33A3FA1D198C167400B1E90E /* Images.xcassets in Resources */,
				33A3FA15198C167300B1E90E /* Main_iPhone.storyboard in Resources */,
				33A3FA0C198C167300B1E90E /* InfoPlist.strings in Resources */,
			);
			runOnlyForDeploymentPostprocessing = 0;
		};
		33A3FA20198C167400B1E90E /* Resources */ = {
			isa = PBXResourcesBuildPhase;
			buildActionMask = 2147483647;
			files = (
				33A3FA2E198C167400B1E90E /* InfoPlist.strings in Resources */,
			);
			runOnlyForDeploymentPostprocessing = 0;
		};
/* End PBXResourcesBuildPhase section */

/* Begin PBXSourcesBuildPhase section */
		33A3F9FA198C167300B1E90E /* Sources */ = {
			isa = PBXSourcesBuildPhase;
			buildActionMask = 2147483647;
			files = (
				33A3FA1B198C167300B1E90E /* NBViewController.m in Sources */,
				33A3FA12198C167300B1E90E /* NBAppDelegate.m in Sources */,
				33A3FA0E198C167300B1E90E /* main.m in Sources */,
			);
			runOnlyForDeploymentPostprocessing = 0;
		};
		33A3FA1E198C167400B1E90E /* Sources */ = {
			isa = PBXSourcesBuildPhase;
			buildActionMask = 2147483647;
			files = (
				33A3FA30198C167400B1E90E /* BleedingViewTests.m in Sources */,
			);
			runOnlyForDeploymentPostprocessing = 0;
		};
/* End PBXSourcesBuildPhase section */

/* Begin PBXTargetDependency section */
		33A3FA28198C167400B1E90E /* PBXTargetDependency */ = {
			isa = PBXTargetDependency;
			target = 33A3F9FD198C167300B1E90E /* BleedingView */;
			targetProxy = 33A3FA27198C167400B1E90E /* PBXContainerItemProxy */;
		};
/* End PBXTargetDependency section */

/* Begin PBXVariantGroup section */
		33A3FA0A198C167300B1E90E /* InfoPlist.strings */ = {
			isa = PBXVariantGroup;
			children = (
				33A3FA0B198C167300B1E90E /* en */,
			);
			name = InfoPlist.strings;
			sourceTree = "<group>";
		};
		33A3FA13198C167300B1E90E /* Main_iPhone.storyboard */ = {
			isa = PBXVariantGroup;
			children = (
				33A3FA14198C167300B1E90E /* Base */,
			);
			name = Main_iPhone.storyboard;
			sourceTree = "<group>";
		};
		33A3FA16198C167300B1E90E /* Main_iPad.storyboard */ = {
			isa = PBXVariantGroup;
			children = (
				33A3FA17198C167300B1E90E /* Base */,
			);
			name = Main_iPad.storyboard;
			sourceTree = "<group>";
		};
		33A3FA2C198C167400B1E90E /* InfoPlist.strings */ = {
			isa = PBXVariantGroup;
			children = (
				33A3FA2D198C167400B1E90E /* en */,
			);
			name = InfoPlist.strings;
			sourceTree = "<group>";
		};
/* End PBXVariantGroup section */

/* Begin XCBuildConfiguration section */
		33A3FA31198C167400B1E90E /* Debug */ = {
			isa = XCBuildConfiguration;
			buildSettings = {
				ALWAYS_SEARCH_USER_PATHS = NO;
				CLANG_CXX_LANGUAGE_STANDARD = "gnu++0x";
				CLANG_CXX_LIBRARY = "libc++";
				CLANG_ENABLE_MODULES = YES;
				CLANG_ENABLE_OBJC_ARC = YES;
				CLANG_WARN_BOOL_CONVERSION = YES;
				CLANG_WARN_CONSTANT_CONVERSION = YES;
				CLANG_WARN_DIRECT_OBJC_ISA_USAGE = YES_ERROR;
				CLANG_WARN_EMPTY_BODY = YES;
				CLANG_WARN_ENUM_CONVERSION = YES;
				CLANG_WARN_INT_CONVERSION = YES;
				CLANG_WARN_OBJC_ROOT_CLASS = YES_ERROR;
				CLANG_WARN__DUPLICATE_METHOD_MATCH = YES;
				"CODE_SIGN_IDENTITY[sdk=iphoneos*]" = "iPhone Developer";
				COPY_PHASE_STRIP = NO;
				GCC_C_LANGUAGE_STANDARD = gnu99;
				GCC_DYNAMIC_NO_PIC = NO;
				GCC_OPTIMIZATION_LEVEL = 0;
				GCC_PREPROCESSOR_DEFINITIONS = (
					"DEBUG=1",
					"$(inherited)",
				);
				GCC_SYMBOLS_PRIVATE_EXTERN = NO;
				GCC_WARN_64_TO_32_BIT_CONVERSION = YES;
				GCC_WARN_ABOUT_RETURN_TYPE = YES_ERROR;
				GCC_WARN_UNDECLARED_SELECTOR = YES;
				GCC_WARN_UNINITIALIZED_AUTOS = YES_AGGRESSIVE;
				GCC_WARN_UNUSED_FUNCTION = YES;
				GCC_WARN_UNUSED_VARIABLE = YES;
				IPHONEOS_DEPLOYMENT_TARGET = 7.1;
				ONLY_ACTIVE_ARCH = YES;
				SDKROOT = iphoneos;
				TARGETED_DEVICE_FAMILY = "1,2";
			};
			name = Debug;
		};
		33A3FA32198C167400B1E90E /* Release */ = {
			isa = XCBuildConfiguration;
			buildSettings = {
				ALWAYS_SEARCH_USER_PATHS = NO;
				CLANG_CXX_LANGUAGE_STANDARD = "gnu++0x";
				CLANG_CXX_LIBRARY = "libc++";
				CLANG_ENABLE_MODULES = YES;
				CLANG_ENABLE_OBJC_ARC = YES;
				CLANG_WARN_BOOL_CONVERSION = YES;
				CLANG_WARN_CONSTANT_CONVERSION = YES;
				CLANG_WARN_DIRECT_OBJC_ISA_USAGE = YES_ERROR;
				CLANG_WARN_EMPTY_BODY = YES;
				CLANG_WARN_ENUM_CONVERSION = YES;
				CLANG_WARN_INT_CONVERSION = YES;
				CLANG_WARN_OBJC_ROOT_CLASS = YES_ERROR;
				CLANG_WARN__DUPLICATE_METHOD_MATCH = YES;
				"CODE_SIGN_IDENTITY[sdk=iphoneos*]" = "iPhone Developer";
				COPY_PHASE_STRIP = YES;
				ENABLE_NS_ASSERTIONS = NO;
				GCC_C_LANGUAGE_STANDARD = gnu99;
				GCC_WARN_64_TO_32_BIT_CONVERSION = YES;
				GCC_WARN_ABOUT_RETURN_TYPE = YES_ERROR;
				GCC_WARN_UNDECLARED_SELECTOR = YES;
				GCC_WARN_UNINITIALIZED_AUTOS = YES_AGGRESSIVE;
				GCC_WARN_UNUSED_FUNCTION = YES;
				GCC_WARN_UNUSED_VARIABLE = YES;
				IPHONEOS_DEPLOYMENT_TARGET = 7.1;
				SDKROOT = iphoneos;
				TARGETED_DEVICE_FAMILY = "1,2";
				VALIDATE_PRODUCT = YES;
			};
			name = Release;
		};
		33A3FA34198C167400B1E90E /* Debug */ = {
			isa = XCBuildConfiguration;
			buildSettings = {
				ASSETCATALOG_COMPILER_APPICON_NAME = AppIcon;
				ASSETCATALOG_COMPILER_LAUNCHIMAGE_NAME = LaunchImage;
				GCC_PRECOMPILE_PREFIX_HEADER = YES;
				GCC_PREFIX_HEADER = "BleedingView/BleedingView-Prefix.pch";
				INFOPLIST_FILE = "BleedingView/BleedingView-Info.plist";
				PRODUCT_NAME = "$(TARGET_NAME)";
				WRAPPER_EXTENSION = app;
			};
			name = Debug;
		};
		33A3FA35198C167400B1E90E /* Release */ = {
			isa = XCBuildConfiguration;
			buildSettings = {
				ASSETCATALOG_COMPILER_APPICON_NAME = AppIcon;
				ASSETCATALOG_COMPILER_LAUNCHIMAGE_NAME = LaunchImage;
				GCC_PRECOMPILE_PREFIX_HEADER = YES;
				GCC_PREFIX_HEADER = "BleedingView/BleedingView-Prefix.pch";
				INFOPLIST_FILE = "BleedingView/BleedingView-Info.plist";
				PRODUCT_NAME = "$(TARGET_NAME)";
				WRAPPER_EXTENSION = app;
			};
			name = Release;
		};
		33A3FA37198C167400B1E90E /* Debug */ = {
			isa = XCBuildConfiguration;
			buildSettings = {
				BUNDLE_LOADER = "$(BUILT_PRODUCTS_DIR)/BleedingView.app/BleedingView";
				FRAMEWORK_SEARCH_PATHS = (
					"$(SDKROOT)/Developer/Library/Frameworks",
					"$(inherited)",
					"$(DEVELOPER_FRAMEWORKS_DIR)",
				);
				GCC_PRECOMPILE_PREFIX_HEADER = YES;
				GCC_PREFIX_HEADER = "BleedingView/BleedingView-Prefix.pch";
				GCC_PREPROCESSOR_DEFINITIONS = (
					"DEBUG=1",
					"$(inherited)",
				);
				INFOPLIST_FILE = "BleedingViewTests/BleedingViewTests-Info.plist";
				PRODUCT_NAME = "$(TARGET_NAME)";
				TEST_HOST = "$(BUNDLE_LOADER)";
				WRAPPER_EXTENSION = xctest;
			};
			name = Debug;
		};
		33A3FA38198C167400B1E90E /* Release */ = {
			isa = XCBuildConfiguration;
			buildSettings = {
				BUNDLE_LOADER = "$(BUILT_PRODUCTS_DIR)/BleedingView.app/BleedingView";
				FRAMEWORK_SEARCH_PATHS = (
					"$(SDKROOT)/Developer/Library/Frameworks",
					"$(inherited)",
					"$(DEVELOPER_FRAMEWORKS_DIR)",
				);
				GCC_PRECOMPILE_PREFIX_HEADER = YES;
				GCC_PREFIX_HEADER = "BleedingView/BleedingView-Prefix.pch";
				INFOPLIST_FILE = "BleedingViewTests/BleedingViewTests-Info.plist";
				PRODUCT_NAME = "$(TARGET_NAME)";
				TEST_HOST = "$(BUNDLE_LOADER)";
				WRAPPER_EXTENSION = xctest;
			};
			name = Release;
		};
/* End XCBuildConfiguration section */

/* Begin XCConfigurationList section */
		33A3F9F9198C167300B1E90E /* Build configuration list for PBXProject "BleedingView" */ = {
			isa = XCConfigurationList;
			buildConfigurations = (
				33A3FA31198C167400B1E90E /* Debug */,
				33A3FA32198C167400B1E90E /* Release */,
			);
			defaultConfigurationIsVisible = 0;
			defaultConfigurationName = Release;
		};
		33A3FA33198C167400B1E90E /* Build configuration list for PBXNativeTarget "BleedingView" */ = {
			isa = XCConfigurationList;
			buildConfigurations = (
				33A3FA34198C167400B1E90E /* Debug */,
				33A3FA35198C167400B1E90E /* Release */,
			);
			defaultConfigurationIsVisible = 0;
		};
		33A3FA36198C167400B1E90E /* Build configuration list for PBXNativeTarget "BleedingViewTests" */ = {
			isa = XCConfigurationList;
			buildConfigurations = (
				33A3FA37198C167400B1E90E /* Debug */,
				33A3FA38198C167400B1E90E /* Release */,
			);
			defaultConfigurationIsVisible = 0;
		};
/* End XCConfigurationList section */
	};
	rootObject = 33A3F9F6198C167300B1E90E /* Project object */;
}
